
Microsoft Visual Studio Solution File, Format Version 12.00
# Visual Studio Version 16
VisualStudioVersion = 16.0.30503.244
MinimumVisualStudioVersion = 10.0.40219.1
Project("{9A19103F-16F7-4668-BE54-9A1E7A4F7556}") = "DNZ.SEOChecker", "src\DNZ.SEOChecker.csproj", "{052BEEB0-C512-417D-BDCB-A461452DA399}"
EndProject
Project("{FAE04EC0-301F-11D3-BF4B-00C04F79EFBC}") = "DNZ.SEOChecker.Demo", "demo\DNZ.SEOChecker.Demo\DNZ.SEOChecker.Demo.csproj", "{B7B0A139-CB11-4AF3-9C02-B45947B44F6A}"
EndProject
Global
	GlobalSection(SolutionConfigurationPlatforms) = preSolution
		Debug|Any CPU = Debug|Any CPU
		Release|Any CPU = Release|Any CPU
	EndGlobalSection
	GlobalSection(ProjectConfigurationPlatforms) = postSolution
		{052BEEB0-C512-417D-BDCB-A461452DA399}.Debug|Any CPU.ActiveCfg = Debug|Any CPU
		{052BEEB0-C512-417D-BDCB-A461452DA399}.Debug|Any CPU.Build.0 = Debug|Any CPU
		{052BEEB0-C512-417D-BDCB-A461452DA399}.Release|Any CPU.ActiveCfg = Release|Any CPU
		{052BEEB0-C512-417D-BDCB-A461452DA399}.Release|Any CPU.Build.0 = Release|Any CPU
		{B7B0A139-CB11-4AF3-9C02-B45947B44F6A}.Debug|Any CPU.ActiveCfg = Debug|Any CPU
		{B7B0A139-CB11-4AF3-9C02-B45947B44F6A}.Debug|Any CPU.Build.0 = Debug|Any CPU
		{B7B0A139-CB11-4AF3-9C02-B45947B44F6A}.Release|Any CPU.ActiveCfg = Release|Any CPU
		{B7B0A139-CB11-4AF3-9C02-B45947B44F6A}.Release|Any CPU.Build.0 = Release|Any CPU
	EndGlobalSection
	GlobalSection(SolutionProperties) = preSolution
		HideSolutionNode = FALSE
	EndGlobalSection
	GlobalSection(ExtensibilityGlobals) = postSolution
		SolutionGuid = {4A04FBB6-4F5D-4A54-AD2A-75E2913FA232}
	EndGlobalSection
EndGlobal
